
Microsoft Visual Studio Solution File, Format Version 12.00
# Visual Studio Version 17
VisualStudioVersion = 17.12.35506.116
MinimumVisualStudioVersion = 10.0.40219.1
Project("{2150E333-8FDC-42A3-9474-1A3956D46DE8}") = "src", "src", "{BABC790B-BEEE-46D6-BD0C-4079F819E496}"
EndProject
Project("{2150E333-8FDC-42A3-9474-1A3956D46DE8}") = "test", "test", "{769E4400-ED79-4995-ACB5-8CB124A0296C}"
EndProject
Project("{FAE04EC0-301F-11D3-BF4B-00C04F79EFBC}") = "Bookify.Domain", "Bookify.Domain\Bookify.Domain.csproj", "{18E0100A-5CC0-44BD-A640-9F27BEEEE6DF}"
EndProject
Project("{2150E333-8FDC-42A3-9474-1A3956D46DE8}") = "Solution Items", "Solution Items", "{E58F89D4-FCB1-4CFB-A53E-07505BC53A9C}"
	ProjectSection(SolutionItems) = preProject
		.editorconfig = .editorconfig
	EndProjectSection
EndProject
Project("{FAE04EC0-301F-11D3-BF4B-00C04F79EFBC}") = "Bookify.Application", "BookifyApplication\Bookify.Application.csproj", "{60C0872F-A5BC-48A5-B829-F213F3DF71C6}"
EndProject
Project("{FAE04EC0-301F-11D3-BF4B-00C04F79EFBC}") = "Bookify.Infrastructure", "Bookify.Infrastructure\Bookify.Infrastructure.csproj", "{12ED75B4-4961-43EA-923F-53502A44EC8A}"
EndProject
Project("{FAE04EC0-301F-11D3-BF4B-00C04F79EFBC}") = "Bookify.Api", "Bookify.Api\Bookify.Api.csproj", "{4A01883A-E286-40F3-BEC3-2BB3EF35D5FE}"
EndProject
Project("{E53339B2-1760-4266-BCC7-CA923CBCF16C}") = "docker-compose", "docker-compose.dcproj", "{A8D26E79-8C85-41A5-AF62-FA816D51D3E3}"
EndProject
Global
	GlobalSection(SolutionConfigurationPlatforms) = preSolution
		Debug|Any CPU = Debug|Any CPU
		Release|Any CPU = Release|Any CPU
	EndGlobalSection
	GlobalSection(ProjectConfigurationPlatforms) = postSolution
		{18E0100A-5CC0-44BD-A640-9F27BEEEE6DF}.Debug|Any CPU.ActiveCfg = Debug|Any CPU
		{18E0100A-5CC0-44BD-A640-9F27BEEEE6DF}.Debug|Any CPU.Build.0 = Debug|Any CPU
		{18E0100A-5CC0-44BD-A640-9F27BEEEE6DF}.Release|Any CPU.ActiveCfg = Release|Any CPU
		{18E0100A-5CC0-44BD-A640-9F27BEEEE6DF}.Release|Any CPU.Build.0 = Release|Any CPU
		{60C0872F-A5BC-48A5-B829-F213F3DF71C6}.Debug|Any CPU.ActiveCfg = Debug|Any CPU
		{60C0872F-A5BC-48A5-B829-F213F3DF71C6}.Debug|Any CPU.Build.0 = Debug|Any CPU
		{60C0872F-A5BC-48A5-B829-F213F3DF71C6}.Release|Any CPU.ActiveCfg = Release|Any CPU
		{60C0872F-A5BC-48A5-B829-F213F3DF71C6}.Release|Any CPU.Build.0 = Release|Any CPU
		{12ED75B4-4961-43EA-923F-53502A44EC8A}.Debug|Any CPU.ActiveCfg = Debug|Any CPU
		{12ED75B4-4961-43EA-923F-53502A44EC8A}.Debug|Any CPU.Build.0 = Debug|Any CPU
		{12ED75B4-4961-43EA-923F-53502A44EC8A}.Release|Any CPU.ActiveCfg = Release|Any CPU
		{12ED75B4-4961-43EA-923F-53502A44EC8A}.Release|Any CPU.Build.0 = Release|Any CPU
		{4A01883A-E286-40F3-BEC3-2BB3EF35D5FE}.Debug|Any CPU.ActiveCfg = Debug|Any CPU
		{4A01883A-E286-40F3-BEC3-2BB3EF35D5FE}.Debug|Any CPU.Build.0 = Debug|Any CPU
		{4A01883A-E286-40F3-BEC3-2BB3EF35D5FE}.Release|Any CPU.ActiveCfg = Release|Any CPU
		{4A01883A-E286-40F3-BEC3-2BB3EF35D5FE}.Release|Any CPU.Build.0 = Release|Any CPU
		{A8D26E79-8C85-41A5-AF62-FA816D51D3E3}.Debug|Any CPU.ActiveCfg = Debug|Any CPU
		{A8D26E79-8C85-41A5-AF62-FA816D51D3E3}.Debug|Any CPU.Build.0 = Debug|Any CPU
		{A8D26E79-8C85-41A5-AF62-FA816D51D3E3}.Release|Any CPU.ActiveCfg = Release|Any CPU
		{A8D26E79-8C85-41A5-AF62-FA816D51D3E3}.Release|Any CPU.Build.0 = Release|Any CPU
	EndGlobalSection
	GlobalSection(SolutionProperties) = preSolution
		HideSolutionNode = FALSE
	EndGlobalSection
	GlobalSection(NestedProjects) = preSolution
		{18E0100A-5CC0-44BD-A640-9F27BEEEE6DF} = {BABC790B-BEEE-46D6-BD0C-4079F819E496}
		{60C0872F-A5BC-48A5-B829-F213F3DF71C6} = {BABC790B-BEEE-46D6-BD0C-4079F819E496}
		{12ED75B4-4961-43EA-923F-53502A44EC8A} = {BABC790B-BEEE-46D6-BD0C-4079F819E496}
		{4A01883A-E286-40F3-BEC3-2BB3EF35D5FE} = {BABC790B-BEEE-46D6-BD0C-4079F819E496}
	EndGlobalSection
EndGlobal
